// !$*UTF8*$!
{
	archiveVersion = 1;
	classes = {
	};
	objectVersion = 46;
	objects = {

/* Begin PBXBuildFile section */
		7EE8AF7016AC142A004DADFB /* UIKit.framework in Frameworks */ = {isa = PBXBuildFile; fileRef = 7EE8AF6F16AC142A004DADFB /* UIKit.framework */; };
		7EE8AF7216AC142A004DADFB /* Foundation.framework in Frameworks */ = {isa = PBXBuildFile; fileRef = 7EE8AF7116AC142A004DADFB /* Foundation.framework */; };
		7EE8AF7416AC142A004DADFB /* CoreGraphics.framework in Frameworks */ = {isa = PBXBuildFile; fileRef = 7EE8AF7316AC142A004DADFB /* CoreGraphics.framework */; };
		7EE8AF7A16AC142A004DADFB /* InfoPlist.strings in Resources */ = {isa = PBXBuildFile; fileRef = 7EE8AF7816AC142A004DADFB /* InfoPlist.strings */; };
		7EE8AF7C16AC142A004DADFB /* main.m in Sources */ = {isa = PBXBuildFile; fileRef = 7EE8AF7B16AC142A004DADFB /* main.m */; };
		7EE8AF8016AC142A004DADFB /* DOKAppDelegate.m in Sources */ = {isa = PBXBuildFile; fileRef = 7EE8AF7F16AC142A004DADFB /* DOKAppDelegate.m */; };
		7EE8AF8216AC142A004DADFB /* Default.png in Resources */ = {isa = PBXBuildFile; fileRef = 7EE8AF8116AC142A004DADFB /* Default.png */; };
		7EE8AF8416AC142A004DADFB /* Default@2x.png in Resources */ = {isa = PBXBuildFile; fileRef = 7EE8AF8316AC142A004DADFB /* Default@2x.png */; };
		7EE8AF8616AC142A004DADFB /* Default-568h@2x.png in Resources */ = {isa = PBXBuildFile; fileRef = 7EE8AF8516AC142A004DADFB /* Default-568h@2x.png */; };
		7EE8AF8916AC142A004DADFB /* MainStoryboard_iPhone.storyboard in Resources */ = {isa = PBXBuildFile; fileRef = 7EE8AF8716AC142A004DADFB /* MainStoryboard_iPhone.storyboard */; };
		7EE8AF8F16AC142A004DADFB /* DOKViewController.m in Sources */ = {isa = PBXBuildFile; fileRef = 7EE8AF8E16AC142A004DADFB /* DOKViewController.m */; };
		7EE8AF9D16AC1846004DADFB /* DOKPolygonView.m in Sources */ = {isa = PBXBuildFile; fileRef = 7EE8AF9A16AC1846004DADFB /* DOKPolygonView.m */; };
		7EE8AF9E16AC1846004DADFB /* PolygonShape.m in Sources */ = {isa = PBXBuildFile; fileRef = 7EE8AF9C16AC1846004DADFB /* PolygonShape.m */; };
/* End PBXBuildFile section */

/* Begin PBXFileReference section */
		7EE8AF6B16AC142A004DADFB /* HelloPoly.app */ = {isa = PBXFileReference; explicitFileType = wrapper.application; includeInIndex = 0; path = HelloPoly.app; sourceTree = BUILT_PRODUCTS_DIR; };
		7EE8AF6F16AC142A004DADFB /* UIKit.framework */ = {isa = PBXFileReference; lastKnownFileType = wrapper.framework; name = UIKit.framework; path = System/Library/Frameworks/UIKit.framework; sourceTree = SDKROOT; };
		7EE8AF7116AC142A004DADFB /* Foundation.framework */ = {isa = PBXFileReference; lastKnownFileType = wrapper.framework; name = Foundation.framework; path = System/Library/Frameworks/Foundation.framework; sourceTree = SDKROOT; };
		7EE8AF7316AC142A004DADFB /* CoreGraphics.framework */ = {isa = PBXFileReference; lastKnownFileType = wrapper.framework; name = CoreGraphics.framework; path = System/Library/Frameworks/CoreGraphics.framework; sourceTree = SDKROOT; };
		7EE8AF7716AC142A004DADFB /* HelloPoly-Info.plist */ = {isa = PBXFileReference; lastKnownFileType = text.plist.xml; path = "HelloPoly-Info.plist"; sourceTree = "<group>"; };
		7EE8AF7916AC142A004DADFB /* en */ = {isa = PBXFileReference; lastKnownFileType = text.plist.strings; name = en; path = en.lproj/InfoPlist.strings; sourceTree = "<group>"; };
		7EE8AF7B16AC142A004DADFB /* main.m */ = {isa = PBXFileReference; lastKnownFileType = sourcecode.c.objc; path = main.m; sourceTree = "<group>"; };
		7EE8AF7D16AC142A004DADFB /* HelloPoly-Prefix.pch */ = {isa = PBXFileReference; lastKnownFileType = sourcecode.c.h; path = "HelloPoly-Prefix.pch"; sourceTree = "<group>"; };
		7EE8AF7E16AC142A004DADFB /* DOKAppDelegate.h */ = {isa = PBXFileReference; lastKnownFileType = sourcecode.c.h; path = DOKAppDelegate.h; sourceTree = "<group>"; };
		7EE8AF7F16AC142A004DADFB /* DOKAppDelegate.m */ = {isa = PBXFileReference; lastKnownFileType = sourcecode.c.objc; path = DOKAppDelegate.m; sourceTree = "<group>"; };
		7EE8AF8116AC142A004DADFB /* Default.png */ = {isa = PBXFileReference; lastKnownFileType = image.png; path = Default.png; sourceTree = "<group>"; };
		7EE8AF8316AC142A004DADFB /* Default@2x.png */ = {isa = PBXFileReference; lastKnownFileType = image.png; path = "Default@2x.png"; sourceTree = "<group>"; };
		7EE8AF8516AC142A004DADFB /* Default-568h@2x.png */ = {isa = PBXFileReference; lastKnownFileType = image.png; path = "Default-568h@2x.png"; sourceTree = "<group>"; };
		7EE8AF8816AC142A004DADFB /* en */ = {isa = PBXFileReference; lastKnownFileType = file.storyboard; name = en; path = en.lproj/MainStoryboard_iPhone.storyboard; sourceTree = "<group>"; };
		7EE8AF8D16AC142A004DADFB /* DOKViewController.h */ = {isa = PBXFileReference; lastKnownFileType = sourcecode.c.h; path = DOKViewController.h; sourceTree = "<group>"; };
		7EE8AF8E16AC142A004DADFB /* DOKViewController.m */ = {isa = PBXFileReference; lastKnownFileType = sourcecode.c.objc; path = DOKViewController.m; sourceTree = "<group>"; };
		7EE8AF9916AC1846004DADFB /* DOKPolygonView.h */ = {isa = PBXFileReference; fileEncoding = 4; lastKnownFileType = sourcecode.c.h; path = DOKPolygonView.h; sourceTree = "<group>"; };
		7EE8AF9A16AC1846004DADFB /* DOKPolygonView.m */ = {isa = PBXFileReference; fileEncoding = 4; lastKnownFileType = sourcecode.c.objc; path = DOKPolygonView.m; sourceTree = "<group>"; };
		7EE8AF9B16AC1846004DADFB /* PolygonShape.h */ = {isa = PBXFileReference; fileEncoding = 4; lastKnownFileType = sourcecode.c.h; path = PolygonShape.h; sourceTree = "<group>"; };
		7EE8AF9C16AC1846004DADFB /* PolygonShape.m */ = {isa = PBXFileReference; fileEncoding = 4; lastKnownFileType = sourcecode.c.objc; path = PolygonShape.m; sourceTree = "<group>"; };
/* End PBXFileReference section */

/* Begin PBXFrameworksBuildPhase section */
		7EE8AF6816AC142A004DADFB /* Frameworks */ = {
			isa = PBXFrameworksBuildPhase;
			buildActionMask = 2147483647;
			files = (
				7EE8AF7016AC142A004DADFB /* UIKit.framework in Frameworks */,
				7EE8AF7216AC142A004DADFB /* Foundation.framework in Frameworks */,
				7EE8AF7416AC142A004DADFB /* CoreGraphics.framework in Frameworks */,
			);
			runOnlyForDeploymentPostprocessing = 0;
		};
/* End PBXFrameworksBuildPhase section */

/* Begin PBXGroup section */
		7EE8AF6016AC142A004DADFB = {
			isa = PBXGroup;
			children = (
				7EE8AF7516AC142A004DADFB /* HelloPoly */,
				7EE8AF6E16AC142A004DADFB /* Frameworks */,
				7EE8AF6C16AC142A004DADFB /* Products */,
			);
			sourceTree = "<group>";
		};
		7EE8AF6C16AC142A004DADFB /* Products */ = {
			isa = PBXGroup;
			children = (
				7EE8AF6B16AC142A004DADFB /* HelloPoly.app */,
			);
			name = Products;
			sourceTree = "<group>";
		};
		7EE8AF6E16AC142A004DADFB /* Frameworks */ = {
			isa = PBXGroup;
			children = (
				7EE8AF6F16AC142A004DADFB /* UIKit.framework */,
				7EE8AF7116AC142A004DADFB /* Foundation.framework */,
				7EE8AF7316AC142A004DADFB /* CoreGraphics.framework */,
			);
			name = Frameworks;
			sourceTree = "<group>";
		};
		7EE8AF7516AC142A004DADFB /* HelloPoly */ = {
			isa = PBXGroup;
			children = (
				7EE8AF7E16AC142A004DADFB /* DOKAppDelegate.h */,
				7EE8AF7F16AC142A004DADFB /* DOKAppDelegate.m */,
				7EE8AF8716AC142A004DADFB /* MainStoryboard_iPhone.storyboard */,
				7EE8AF8D16AC142A004DADFB /* DOKViewController.h */,
				7EE8AF8E16AC142A004DADFB /* DOKViewController.m */,
				7EE8AF9916AC1846004DADFB /* DOKPolygonView.h */,
				7EE8AF9A16AC1846004DADFB /* DOKPolygonView.m */,
				7EE8AF9B16AC1846004DADFB /* PolygonShape.h */,
				7EE8AF9C16AC1846004DADFB /* PolygonShape.m */,
				7EE8AF7616AC142A004DADFB /* Supporting Files */,
			);
			path = HelloPoly;
			sourceTree = "<group>";
		};
		7EE8AF7616AC142A004DADFB /* Supporting Files */ = {
			isa = PBXGroup;
			children = (
				7EE8AF7716AC142A004DADFB /* HelloPoly-Info.plist */,
				7EE8AF7816AC142A004DADFB /* InfoPlist.strings */,
				7EE8AF7B16AC142A004DADFB /* main.m */,
				7EE8AF7D16AC142A004DADFB /* HelloPoly-Prefix.pch */,
				7EE8AF8116AC142A004DADFB /* Default.png */,
				7EE8AF8316AC142A004DADFB /* Default@2x.png */,
				7EE8AF8516AC142A004DADFB /* Default-568h@2x.png */,
			);
			name = "Supporting Files";
			sourceTree = "<group>";
		};
/* End PBXGroup section */

/* Begin PBXNativeTarget section */
		7EE8AF6A16AC142A004DADFB /* HelloPoly */ = {
			isa = PBXNativeTarget;
			buildConfigurationList = 7EE8AF9216AC142A004DADFB /* Build configuration list for PBXNativeTarget "HelloPoly" */;
			buildPhases = (
				7EE8AF6716AC142A004DADFB /* Sources */,
				7EE8AF6816AC142A004DADFB /* Frameworks */,
				7EE8AF6916AC142A004DADFB /* Resources */,
			);
			buildRules = (
			);
			dependencies = (
			);
			name = HelloPoly;
			productName = HelloPoly;
			productReference = 7EE8AF6B16AC142A004DADFB /* HelloPoly.app */;
			productType = "com.apple.product-type.application";
		};
/* End PBXNativeTarget section */

/* Begin PBXProject section */
		7EE8AF6216AC142A004DADFB /* Project object */ = {
			isa = PBXProject;
			attributes = {
				CLASSPREFIX = DOK;
				LastUpgradeCheck = 0450;
				ORGANIZATIONNAME = dermo;
			};
			buildConfigurationList = 7EE8AF6516AC142A004DADFB /* Build configuration list for PBXProject "HelloPoly" */;
			compatibilityVersion = "Xcode 3.2";
			developmentRegion = English;
			hasScannedForEncodings = 0;
			knownRegions = (
				en,
			);
			mainGroup = 7EE8AF6016AC142A004DADFB;
			productRefGroup = 7EE8AF6C16AC142A004DADFB /* Products */;
			projectDirPath = "";
			projectRoot = "";
			targets = (
				7EE8AF6A16AC142A004DADFB /* HelloPoly */,
			);
		};
/* End PBXProject section */

/* Begin PBXResourcesBuildPhase section */
		7EE8AF6916AC142A004DADFB /* Resources */ = {
			isa = PBXResourcesBuildPhase;
			buildActionMask = 2147483647;
			files = (
				7EE8AF7A16AC142A004DADFB /* InfoPlist.strings in Resources */,
				7EE8AF8216AC142A004DADFB /* Default.png in Resources */,
				7EE8AF8416AC142A004DADFB /* Default@2x.png in Resources */,
				7EE8AF8616AC142A004DADFB /* Default-568h@2x.png in Resources */,
				7EE8AF8916AC142A004DADFB /* MainStoryboard_iPhone.storyboard in Resources */,
			);
			runOnlyForDeploymentPostprocessing = 0;
		};
/* End PBXResourcesBuildPhase section */

/* Begin PBXSourcesBuildPhase section */
		7EE8AF6716AC142A004DADFB /* Sources */ = {
			isa = PBXSourcesBuildPhase;
			buildActionMask = 2147483647;
			files = (
				7EE8AF7C16AC142A004DADFB /* main.m in Sources */,
				7EE8AF8016AC142A004DADFB /* DOKAppDelegate.m in Sources */,
				7EE8AF8F16AC142A004DADFB /* DOKViewController.m in Sources */,
				7EE8AF9D16AC1846004DADFB /* DOKPolygonView.m in Sources */,
				7EE8AF9E16AC1846004DADFB /* PolygonShape.m in Sources */,
			);
			runOnlyForDeploymentPostprocessing = 0;
		};
/* End PBXSourcesBuildPhase section */

/* Begin PBXVariantGroup section */
		7EE8AF7816AC142A004DADFB /* InfoPlist.strings */ = {
			isa = PBXVariantGroup;
			children = (
				7EE8AF7916AC142A004DADFB /* en */,
			);
			name = InfoPlist.strings;
			sourceTree = "<group>";
		};
		7EE8AF8716AC142A004DADFB /* MainStoryboard_iPhone.storyboard */ = {
			isa = PBXVariantGroup;
			children = (
				7EE8AF8816AC142A004DADFB /* en */,
			);
			name = MainStoryboard_iPhone.storyboard;
			sourceTree = "<group>";
		};
/* End PBXVariantGroup section */

/* Begin XCBuildConfiguration section */
		7EE8AF9016AC142A004DADFB /* Debug */ = {
			isa = XCBuildConfiguration;
			buildSettings = {
				ALWAYS_SEARCH_USER_PATHS = NO;
				CLANG_CXX_LANGUAGE_STANDARD = "gnu++0x";
				CLANG_CXX_LIBRARY = "libc++";
				CLANG_ENABLE_OBJC_ARC = YES;
				CLANG_WARN_EMPTY_BODY = YES;
				CLANG_WARN__DUPLICATE_METHOD_MATCH = YES;
				"CODE_SIGN_IDENTITY[sdk=iphoneos*]" = "iPhone Developer";
				COPY_PHASE_STRIP = NO;
				GCC_C_LANGUAGE_STANDARD = gnu99;
				GCC_DYNAMIC_NO_PIC = NO;
				GCC_OPTIMIZATION_LEVEL = 0;
				GCC_PREPROCESSOR_DEFINITIONS = (
					"DEBUG=1",
					"$(inherited)",
				);
				GCC_SYMBOLS_PRIVATE_EXTERN = NO;
				GCC_WARN_ABOUT_RETURN_TYPE = YES;
				GCC_WARN_UNINITIALIZED_AUTOS = YES;
				GCC_WARN_UNUSED_VARIABLE = YES;
				IPHONEOS_DEPLOYMENT_TARGET = 6.0;
				ONLY_ACTIVE_ARCH = YES;
				SDKROOT = iphoneos;
				TARGETED_DEVICE_FAMILY = "1,2";
			};
			name = Debug;
		};
		7EE8AF9116AC142A004DADFB /* Release */ = {
			isa = XCBuildConfiguration;
			buildSettings = {
				ALWAYS_SEARCH_USER_PATHS = NO;
				CLANG_CXX_LANGUAGE_STANDARD = "gnu++0x";
				CLANG_CXX_LIBRARY = "libc++";
				CLANG_ENABLE_OBJC_ARC = YES;
				CLANG_WARN_EMPTY_BODY = YES;
				CLANG_WARN__DUPLICATE_METHOD_MATCH = YES;
				"CODE_SIGN_IDENTITY[sdk=iphoneos*]" = "iPhone Developer";
				COPY_PHASE_STRIP = YES;
				GCC_C_LANGUAGE_STANDARD = gnu99;
				GCC_WARN_ABOUT_RETURN_TYPE = YES;
				GCC_WARN_UNINITIALIZED_AUTOS = YES;
				GCC_WARN_UNUSED_VARIABLE = YES;
				IPHONEOS_DEPLOYMENT_TARGET = 6.0;
				OTHER_CFLAGS = "-DNS_BLOCK_ASSERTIONS=1";
				SDKROOT = iphoneos;
				TARGETED_DEVICE_FAMILY = "1,2";
				VALIDATE_PRODUCT = YES;
			};
			name = Release;
		};
		7EE8AF9316AC142A004DADFB /* Debug */ = {
			isa = XCBuildConfiguration;
			buildSettings = {
				GCC_PRECOMPILE_PREFIX_HEADER = YES;
				GCC_PREFIX_HEADER = "HelloPoly/HelloPoly-Prefix.pch";
				INFOPLIST_FILE = "HelloPoly/HelloPoly-Info.plist";
				PRODUCT_NAME = "$(TARGET_NAME)";
				TARGETED_DEVICE_FAMILY = 1;
				WRAPPER_EXTENSION = app;
			};
			name = Debug;
		};
		7EE8AF9416AC142A004DADFB /* Release */ = {
			isa = XCBuildConfiguration;
			buildSettings = {
				GCC_PRECOMPILE_PREFIX_HEADER = YES;
				GCC_PREFIX_HEADER = "HelloPoly/HelloPoly-Prefix.pch";
				INFOPLIST_FILE = "HelloPoly/HelloPoly-Info.plist";
				PRODUCT_NAME = "$(TARGET_NAME)";
				TARGETED_DEVICE_FAMILY = 1;
				WRAPPER_EXTENSION = app;
			};
			name = Release;
		};
/* End XCBuildConfiguration section */

/* Begin XCConfigurationList section */
		7EE8AF6516AC142A004DADFB /* Build configuration list for PBXProject "HelloPoly" */ = {
			isa = XCConfigurationList;
			buildConfigurations = (
				7EE8AF9016AC142A004DADFB /* Debug */,
				7EE8AF9116AC142A004DADFB /* Release */,
			);
			defaultConfigurationIsVisible = 0;
			defaultConfigurationName = Release;
		};
		7EE8AF9216AC142A004DADFB /* Build configuration list for PBXNativeTarget "HelloPoly" */ = {
			isa = XCConfigurationList;
			buildConfigurations = (
				7EE8AF9316AC142A004DADFB /* Debug */,
				7EE8AF9416AC142A004DADFB /* Release */,
			);
			defaultConfigurationIsVisible = 0;
			defaultConfigurationName = Release;
		};
/* End XCConfigurationList section */
	};
	rootObject = 7EE8AF6216AC142A004DADFB /* Project object */;
}
